lockfileVersion: '9.0'

settings:
  autoInstallPeers: true
  excludeLinksFromLockfile: false

importers:

  .:
    dependencies:
      catcolab-document-types:
        specifier: link:../document-types/pkg
        version: link:../document-types/pkg
      tiny-invariant:
        specifier: ^1.3.3
        version: 1.3.3
      uuid:
        specifier: ^13.0.0
        version: 13.0.0
    devDependencies:
      '@types/uuid':
        specifier: ^10.0.0
        version: 10.0.0
      literate-ts:
        specifier: github:ToposInstitute/literate-ts#kb/improved-tsx-dist
        version: https://codeload.github.com/ToposInstitute/literate-ts/tar.gz/554274c568500017a61cbd72af57ec54a4f72a25(typescript@6.0.3)
      solid-js:
        specifier: ^1.9.10
        version: 1.9.13
      typescript:
        specifier: ^6.0.3
        version: 6.0.3
      wasm-pack:
        specifier: ^0.15.0
        version: 0.15.0

packages:

  '@babel/code-frame@7.29.0':
    resolution: {integrity: sha512-9NhCeYjq9+3uxgdtp20LSiJXJvN0FeCtNGpJxuMFZ1Kv3cWUNb6DOhJwUvcVCzKGR66cw4njwM6hrJLqgOwbcw==}
    engines: {node: '>=6.9.0'}

  '@babel/helper-validator-identifier@7.28.5':
    resolution: {integrity: sha512-qSs4ifwzKJSV39ucNjsvc6WVHs6b7S03sOh2OcHF9UHfVPqWWALUsNUVzhSBiItjRZoLHx7nIarVjqKVusUZ1Q==}
    engines: {node: '>=6.9.0'}

  '@isaacs/fs-minipass@4.0.1':
    resolution: {integrity: sha512-wgm9Ehl2jpeqP3zw/7mo3kRHFp5MEDhqAdwy1fTGkHAwnkGOVsgpvQhL8B5n1qlb01jV3n/bI0ZfZp5lWA1k4w==}
    engines: {node: '>=18.0.0'}

  '@nodelib/fs.scandir@2.1.5':
    resolution: {integrity: sha512-vq24Bq3ym5HEQm2NKCr3yXDwjc7vTsEThRDnkp2DK9p1uqLR+DHurm/NOTo0KG7HYHU7eppKZj3MyqYuMBf62g==}
    engines: {node: '>= 8'}

  '@nodelib/fs.stat@2.0.5':
    resolution: {integrity: sha512-RkhPPp2zrqDAQA/2jNhnztcPAlv64XdhIp7a7454A5ovI7Bukxgt7MX7udwAu3zg1DcpPU0rz3VV1SeaqvY4+A==}
    engines: {node: '>= 8'}

  '@nodelib/fs.walk@1.2.8':
    resolution: {integrity: sha512-oGB+UxlgWcgQkgwo8GcEGwemoTFt3FIO9ababBmaGwXIoBKZ+GTy0pP185beGg7Llih/NSHSV2XAs1lnznocSg==}
    engines: {node: '>= 8'}

  '@selderee/plugin-htmlparser2@0.12.0':
    resolution: {integrity: sha512-oELmoyA6ML9jDRMV3kgcMQFKxUfBU0yFVn6yTctVaLT5ygXnxH52I3TZEgV9EhXJC68/uFvE5Daj1/25c0Xa/A==}
    peerDependencies:
      selderee: ~0.12.0

  '@types/normalize-package-data@2.4.4':
    resolution: {integrity: sha512-37i+OaWTh9qeK4LSHPsyRC7NahnGotNuZvjLSgcPzblpHB3rrCJxAOgI5gCdKm7coonsaX1Of0ILiTcnZjbfxA==}

  '@types/uuid@10.0.0':
    resolution: {integrity: sha512-7gqG38EyHgyP1S+7+xomFtL+ZNHcKv6DwNaCZmJmo1vgMugyF3TCnXVg4t1uk89mLNwnLtnY3TpOpCOyp1/xHQ==}

  ansi-regex@6.2.2:
    resolution: {integrity: sha512-Bq3SmSpyFHaWjPk8If9yc6svM8c56dB5BAtW4Qbw5jHTwwXXcTLoRMkpDJp6VL0XzlWaCHTXrkFURMYmD0sLqg==}
    engines: {node: '>=12'}

  ansi-styles@6.2.3:
    resolution: {integrity: sha512-4Dj6M28JB+oAH8kFkTLUo+a2jwOFkuqb3yucU0CANcRRUbxS0cP0nZYCGjcc3BNXwRIsUVmDGgzawme7zvJHvg==}
    engines: {node: '>=12'}

  argparse@2.0.1:
    resolution: {integrity: sha512-8+9WqebbFzpX9OR+Wa6O29asIogeRMzcGtAINdpMHHyAg10f05aSFVBbcEqGf/PXw1EjAZ+q2/bEBg3DvurK3Q==}

  braces@3.0.3:
    resolution: {integrity: sha512-yQbXgO/OSZVD2IsiLlro+7Hf6Q18EJrKSEsdoMzKePKXct3gvD8oLcOQdIzGupr5Fj+EDe8gO/lxc1BzfMpxvA==}
    engines: {node: '>=8'}

  chalk@5.6.2:
    resolution: {integrity: sha512-7NzBL0rN6fMUW+f7A6Io4h40qQlG+xGmtMxfbnH/K7TAtt8JQWVQK+6g0UXKMeVJoyV5EkkNsErQ8pVD3bLHbA==}
    engines: {node: ^12.17.0 || ^14.13 || >=16.0.0}

  chownr@3.0.0:
    resolution: {integrity: sha512-+IxzY9BZOQd/XuYPRmrvEVjF/nqj5kgT4kEq7VofrDoM1MxoRjEWkrCC3EtLi59TVawxTAn+orJwFQcrqEN1+g==}
    engines: {node: '>=18'}

  cli-cursor@5.0.0:
    resolution: {integrity: sha512-aCj4O5wKyszjMmDT4tZj93kxyydN/K5zPWSCe6/0AV/AA1pqe5ZBIw0a2ZfPQV7lL5/yb5HsUreJ6UFAF1tEQw==}
    engines: {node: '>=18'}

  cli-spinners@3.4.0:
    resolution: {integrity: sha512-bXfOC4QcT1tKXGorxL3wbJm6XJPDqEnij2gQ2m7ESQuE+/z9YFIWnl/5RpTiKWbMq3EVKR4fRLJGn6DVfu0mpw==}
    engines: {node: '>=18.20'}

  cliui@9.0.1:
    resolution: {integrity: sha512-k7ndgKhwoQveBL+/1tqGJYNz097I7WOvwbmmU2AR5+magtbjPWQTS1C5vzGkBC8Ym8UWRzfKUzUUqFLypY4Q+w==}
    engines: {node: '>=20'}

  common-path-prefix@3.0.0:
    resolution: {integrity: sha512-QE33hToZseCH3jS0qN96O/bSh3kaw/h+Tq7ngyY9eWDUnTlTNUyqfqvCXioLe5Na5jFsL78ra/wuBU4iuEgd4w==}

  csstype@3.2.3:
    resolution: {integrity: sha512-z1HGKcYy2xA8AGQfwrn0PAy+PB7X/GSj3UVJW9qKyn43xWa+gl5nXmU4qqLMRzWVLFC8KusUX8T/0kCiOYpAIQ==}

  deepmerge-ts@7.1.5:
    resolution: {integrity: sha512-HOJkrhaYsweh+W+e74Yn7YStZOilkoPb6fycpwNLKzSPtruFs48nYis0zy5yJz1+ktUhHxoRDJ27RQAWLIJVJw==}
    engines: {node: '>=16.0.0'}

  dom-serializer@2.0.0:
    resolution: {integrity: sha512-wIkAryiqt/nV5EQKqQpo3SToSOV9J0DnbJqwK7Wv/Trc92zIAYZ4FlMu+JPFW1DfGFt81ZTCGgDEabffXeLyJg==}

  domelementtype@2.3.0:
    resolution: {integrity: sha512-OLETBj6w0OsagBwdXnPdN0cnMfF9opN69co+7ZrbfPGrdpPVNBUj02spi6B1N7wChLQiPn4CSH/zJvXw56gmHw==}

  domhandler@5.0.3:
    resolution: {integrity: sha512-cgwlv/1iFQiFnU96XXgROh8xTeetsnJiDsTc7TYCLFd9+/WNkIqPTxiM/8pSd8VIrhXGTf1Ny1q1hquVqDJB5w==}
    engines: {node: '>= 4'}

  domutils@3.2.2:
    resolution: {integrity: sha512-6kZKyUajlDuqlHKVX1w7gyslj9MPIXzIFiz/rGu35uC1wMi+kMhQwGhl4lt9unC9Vb9INnY9Z3/ZA3+FhASLaw==}

  emoji-regex@10.6.0:
    resolution: {integrity: sha512-toUI84YS5YmxW219erniWD0CIVOo46xGKColeNQRgOzDorgBi1v4D71/OFzgD9GO2UGKIv1C3Sp8DAn0+j5w7A==}

  entities@4.5.0:
    resolution: {integrity: sha512-V0hjH4dGPh9Ao5p0MoRY6BVqtwCjhz6vI5LT8AJ55H+4g9/4vbHx1I54fS0XuclLhDHArPQCiMjDxjaL8fPxhw==}
    engines: {node: '>=0.12'}

  entities@7.0.1:
    resolution: {integrity: sha512-TWrgLOFUQTH994YUyl1yT4uyavY5nNB5muff+RtWaqNVCAK408b5ZnnbNAUEWLTCpum9w6arT70i1XdQ4UeOPA==}
    engines: {node: '>=0.12'}

  escalade@3.2.0:
    resolution: {integrity: sha512-WUj2qlxaQtO4g6Pq5c29GTcWGDyd8itL8zTlipgECz3JesAiiOKotd8JU6otB3PACgG6xkJUyVhboMS+bje/jA==}
    engines: {node: '>=6'}

  fast-glob@3.3.3:
    resolution: {integrity: sha512-7MptL8U0cqcFdzIzwOTHoilX9x5BrNqye7Z/LuC7kCMRio1EMSyqRK3BEAUD7sXRq4iT4AzTVuZdhgQ2TCvYLg==}
    engines: {node: '>=8.6.0'}

  fast-json-stable-stringify@2.1.0:
    resolution: {integrity: sha512-lhd/wF+Lk98HZoTCtlVraHtfh5XYijIjalXck7saUtuanSDyLMxnHhSXEDJqHxD7msR8D0uCmqlkwjCV8xvwHw==}

  fastq@1.20.1:
    resolution: {integrity: sha512-GGToxJ/w1x32s/D2EKND7kTil4n8OVk/9mycTc4VDza13lOvpUZTGX3mFSCtV9ksdGBVzvsyAVLM6mHFThxXxw==}

  fill-range@7.1.1:
    resolution: {integrity: sha512-YsGpe3WHLK8ZYi4tWDg2Jy3ebRz2rXowDxnld4bkQB00cc/1Zw9AWnC0i9ztDJitivtQvaI9KaLyKrc+hBW0yg==}
    engines: {node: '>=8'}

  find-cache-dir@6.0.0:
    resolution: {integrity: sha512-nZMBQ0IuwcMgW8jsiShHtj2WQS6ReVTOMGiSnriCdWBUN/eVsolBlE0EPXe2R5MfIWtqkpM4grjGuqimbWhUFA==}
    engines: {node: '>=16'}
    deprecated: Renamed to `find-cache-directory`.

  find-up-simple@1.0.1:
    resolution: {integrity: sha512-afd4O7zpqHeRyg4PfDQsXmlDe2PfdHtJt6Akt8jOWaApLOZk5JXs6VMR29lz03pRe9mpykrRCYIYxaJYcfpncQ==}
    engines: {node: '>=18'}

  find-up@6.3.0:
    resolution: {integrity: sha512-v2ZsoEuVHYy8ZIlYqwPe/39Cy+cFDzp4dXPaxNvkEuouymu+2Jbz0PxpKarJHYJTmv2HWT3O382qY8l4jMWthw==}
    engines: {node: ^12.20.0 || ^14.13.1 || >=16.0.0}

  fs-extra@11.3.5:
    resolution: {integrity: sha512-eKpRKAovdpZtR1WopLHxlBWvAgPny3c4gX1G5Jhwmmw4XJj0ifSD5qB5TOo8hmA0wlRKDAOAhEE1yVPgs6Fgcg==}
    engines: {node: '>=14.14'}

  get-caller-file@2.0.5:
    resolution: {integrity: sha512-DyFP3BM/3YHTQOCUL/w0OZHR0lpKeGrxotcHWcqNEdnltqFwXVfhEBQ94eIo34AfQpo0rGki4cyIiftY06h2Fg==}
    engines: {node: 6.* || 8.* || >= 10.*}

  get-east-asian-width@1.6.0:
    resolution: {integrity: sha512-QRbvDIbx6YklUe6RxeTeleMR0yv3cYH6PsPZHcnVn7xv7zO1BHN8r0XETu8n6Ye3Q+ahtSarc3WgtNWmehIBfA==}
    engines: {node: '>=18'}

  glob-parent@5.1.2:
    resolution: {integrity: sha512-AOIgSQCepiJYwP3ARnGx+5VnTu2HBYdzbGP45eLw1vr3zB3vZLeyed1sC9hnbcOc9/SrMyM5RPQrkGz4aS9Zow==}
    engines: {node: '>= 6'}

  graceful-fs@4.2.11:
    resolution: {integrity: sha512-RbJ5/jmFcNNCcDV5o9eTnBLJ/HszWV0P73bc+Ff4nS/rJj+YaS6IGyiOL0VoBYX+l1Wrl3k63h/KrH+nhJ0XvQ==}

  hosted-git-info@7.0.2:
    resolution: {integrity: sha512-puUZAUKT5m8Zzvs72XWy3HtvVbTWljRE66cP60bxJzAqf2DgICo7lYTY2IHUmLnNpjYvw5bvmoHvPc0QO2a62w==}
    engines: {node: ^16.14.0 || >=18.0.0}

  html-to-text@10.0.0:
    resolution: {integrity: sha512-2OH59Gtprdczel+7Rxgpz9hGVJREaf8Lt1H4kZwWHpEn70VQKRuMNGsb2eDbwaTzrYzb0hheiOG1P7Dim0B4dQ==}
    engines: {node: '>=20.19.0'}

  htmlparser2@10.1.0:
    resolution: {integrity: sha512-VTZkM9GWRAtEpveh7MSF6SjjrpNVNNVJfFup7xTY3UpFtm67foy9HDVXneLtFVt4pMz5kZtgNcvCniNFb1hlEQ==}

  index-to-position@1.2.0:
    resolution: {integrity: sha512-Yg7+ztRkqslMAS2iFaU+Oa4KTSidr63OsFGlOrJoW981kIYO3CGCS3wA95P1mUi/IVSJkn0D479KTJpVpvFNuw==}
    engines: {node: '>=18'}

  is-extglob@2.1.1:
    resolution: {integrity: sha512-SbKbANkN603Vi4jEZv49LeVJMn4yGwsbzZworEoyEiutsN3nJYdbO36zfhGJ6QEDpOZIFkDtnq5JRxmvl3jsoQ==}
    engines: {node: '>=0.10.0'}

  is-glob@4.0.3:
    resolution: {integrity: sha512-xelSayHH36ZgE7ZWhli7pW34hNbNl8Ojv5KVmkJD4hBdD3th8Tfk9vYasLM+mXWOZhFkgZfxhLSnrwRr4elSSg==}
    engines: {node: '>=0.10.0'}

  is-interactive@2.0.0:
    resolution: {integrity: sha512-qP1vozQRI+BMOPcjFzrjXuQvdak2pHNUMZoeG2eRbiSqyvbEf/wQtEOTOX1guk6E3t36RkaqiSt8A/6YElNxLQ==}
    engines: {node: '>=12'}

  is-number@7.0.0:
    resolution: {integrity: sha512-41Cifkg6e8TylSpdtTpeLVMqvSBEVzTttHvERD741+pnZ8ANv0004MRL43QKPDlK9cGvNp6NZWZUBlbGXYxxng==}
    engines: {node: '>=0.12.0'}

  is-unicode-supported@2.1.0:
    resolution: {integrity: sha512-mE00Gnza5EEB3Ds0HfMyllZzbBrmLOX3vfWoj9A9PEnTfratQ/BcaJOuMhnkhjXvb2+FkY3VuHqtAGpTPmglFQ==}
    engines: {node: '>=18'}

  js-tokens@4.0.0:
    resolution: {integrity: sha512-RdJUflcE3cUzKiMqQgsCu06FPu9UdIJO0beYbPhHN4k6apgJtifcoCtT9bcxOpYBtpD2kCM6Sbzg4CausW/PKQ==}

  js-yaml@4.1.1:
    resolution: {integrity: sha512-qQKT4zQxXl8lLwBtHMWwaTcGfFOZviOJet3Oy/xmGk2gZH677CJM9EvtfdSkgWcATZhj/55JZ0rmy3myCT5lsA==}
    hasBin: true

  jsonc-parser@3.3.1:
    resolution: {integrity: sha512-HUgH65KyejrUFPvHFPbqOY0rsFip3Bo5wb4ngvdi1EpCYWUQDC5V+Y7mZws+DLkr4M//zQJoanu1SP+87Dv1oQ==}

  jsonfile@6.2.1:
    resolution: {integrity: sha512-zwOTdL3rFQ/lRdBnntKVOX6k5cKJwEc1HdilT71BWEu7J41gXIB2MRp+vxduPSwZJPWBxEzv4yH1wYLJGUHX4Q==}

  leac@0.7.0:
    resolution: {integrity: sha512-qMrZeyEekgdRQ9o6a4NAB2EQZrv827GJdn1vnapwSJ90hWRB4TzUSunvacPkxQ2TnNqHNI1/zSt0hlo0crG8Jw==}

  literate-ts@https://codeload.github.com/ToposInstitute/literate-ts/tar.gz/554274c568500017a61cbd72af57ec54a4f72a25:
    resolution: {tarball: https://codeload.github.com/ToposInstitute/literate-ts/tar.gz/554274c568500017a61cbd72af57ec54a4f72a25}
    version: 2.5.0
    hasBin: true
    peerDependencies:
      typescript: '>4.1'

  locate-path@7.2.0:
    resolution: {integrity: sha512-gvVijfZvn7R+2qyPX8mAuKcFGDf6Nc61GdvGafQsHL0sBIxfKzA+usWn4GFC/bk+QdwPUD4kWFJLhElipq+0VA==}
    engines: {node: ^12.20.0 || ^14.13.1 || >=16.0.0}

  lodash@4.18.1:
    resolution: {integrity: sha512-dMInicTPVE8d1e5otfwmmjlxkZoUpiVLwyeTdUsi/Caj/gfzzblBcCE5sRHV/AsjuCmxWrte2TNGSYuCeCq+0Q==}

  log-symbols@7.0.1:
    resolution: {integrity: sha512-ja1E3yCr9i/0hmBVaM0bfwDjnGy8I/s6PP4DFp+yP+a+mrHO4Rm7DtmnqROTUkHIkqffC84YY7AeqX6oFk0WFg==}
    engines: {node: '>=18'}

  lru-cache@10.4.3:
    resolution: {integrity: sha512-JNAzZcXrCt42VGLuYz0zfAzDfAvJWW6AfYlDBQyDV5DClI2m5sAmK+OIO7s59XfsRsWHp02jAJrRadPRGTt6SQ==}

  lz-string@1.5.0:
    resolution: {integrity: sha512-h5bgJWpxJNswbU7qCrV0tIKQCaS3blPDrqKWx+QxzuzL1zGUzij9XCWLrSLsJPu5t+eWA/ycetzYAO5IOMcWAQ==}
    hasBin: true

  merge2@1.4.1:
    resolution: {integrity: sha512-8q7VEgMJW4J8tcfVPy8g09NcQwZdbwFEqhe/WZkoIzjn/3TGDwtOCYtXGxA3O8tPzpczCCDgv+P2P5y00ZJOOg==}
    engines: {node: '>= 8'}

  micromatch@4.0.8:
    resolution: {integrity: sha512-PXwfBhYu0hBCPw8Dn0E+WDYb7af3dSLVWKi3HGv84IdF4TyFoC0ysxFd0Goxw7nSv4T/PzEJQxsYsEiFCKo2BA==}
    engines: {node: '>=8.6'}

  mimic-function@5.0.1:
    resolution: {integrity: sha512-VP79XUPxV2CigYP3jWwAUFSku2aKqBH7uTAapFWCBqutsbmDo96KY5o8uh6U+/YSIn5OxJnXp73beVkpqMIGhA==}
    engines: {node: '>=18'}

  minipass@7.1.3:
    resolution: {integrity: sha512-tEBHqDnIoM/1rXME1zgka9g6Q2lcoCkxHLuc7ODJ5BxbP5d4c2Z5cGgtXAku59200Cx7diuHTOYfSBD8n6mm8A==}
    engines: {node: '>=16 || 14 >=14.17'}

  minizlib@3.1.0:
    resolution: {integrity: sha512-KZxYo1BUkWD2TVFLr0MQoM8vUUigWD3LlD83a/75BqC+4qE0Hb1Vo5v1FgcfaNXvfXzr+5EhQ6ing/CaBijTlw==}
    engines: {node: '>= 18'}

  normalize-package-data@6.0.2:
    resolution: {integrity: sha512-V6gygoYb/5EmNI+MEGrWkC+e6+Rr7mTmfHrxDbLzxQogBkgzo76rkok0Am6thgSF7Mv2nLOajAJj5vDJZEFn7g==}
    engines: {node: ^16.14.0 || >=18.0.0}

  onetime@7.0.0:
    resolution: {integrity: sha512-VXJjc87FScF88uafS3JllDgvAm+c/Slfz06lorj2uAY34rlUu0Nt+v8wreiImcrgAjjIHp1rXpTDlLOGw29WwQ==}
    engines: {node: '>=18'}

  ora@9.4.0:
    resolution: {integrity: sha512-84cglkRILFxdtA8hAvLNdMrtBpPNBTrQ9/ulg0FA7xLMnD6mifv+enAIeRmvtv+WgdCE+LPGOfQmtJRrVaIVhQ==}
    engines: {node: '>=20'}

  p-limit@4.0.0:
    resolution: {integrity: sha512-5b0R4txpzjPWVw/cXXUResoD4hb6U/x9BH08L7nw+GN1sezDzPdxeRvpc9c433fZhBan/wusjbCsqwqm4EIBIQ==}
    engines: {node: ^12.20.0 || ^14.13.1 || >=16.0.0}

  p-locate@6.0.0:
    resolution: {integrity: sha512-wPrq66Llhl7/4AGC6I+cqxT07LhXvWL08LNXz1fENOw0Ap4sRZZ/gZpTTJ5jpurzzzfS2W/Ge9BY3LgLjCShcw==}
    engines: {node: ^12.20.0 || ^14.13.1 || >=16.0.0}

  parse-json@8.3.0:
    resolution: {integrity: sha512-ybiGyvspI+fAoRQbIPRddCcSTV9/LsJbf0e/S85VLowVGzRmokfneg2kwVW/KU5rOXrPSbF1qAKPMgNTqqROQQ==}
    engines: {node: '>=18'}

  parseley@0.13.1:
    resolution: {integrity: sha512-uNBJZzmb60l6p6VWLTmevizNAGnE0xoSf1n0B4q3ntegDNzcS68NRCcBDZTcyXHxt2XhBChsCuqj4M+nChvE/A==}

  path-exists@5.0.0:
    resolution: {integrity: sha512-RjhtfwJOxzcFmNOi6ltcbcu4Iu+FL3zEj83dk4kAS+fVpTxXLO1b38RvJgT/0QwvV/L3aY9TAnyv0EOqW4GoMQ==}
    engines: {node: ^12.20.0 || ^14.13.1 || >=16.0.0}

  peberminta@0.10.0:
    resolution: {integrity: sha512-80B2AsU+I4Qdb0ZAPSfe9UwvGzwkM37IKIFEvdS3D/3Ndgv2bsuJ0bfG1+iEYO+l7Gfd4EUJmuRyq7efLgRMzQ==}

  picocolors@1.1.1:
    resolution: {integrity: sha512-xceH2snhtb5M9liqDsmEw56le376mTZkEX/jEb/RxNFyegNul7eNslCXP9FDj/Lcu0X8KEyMceP2ntpaHrDEVA==}

  picomatch@2.3.2:
    resolution: {integrity: sha512-V7+vQEJ06Z+c5tSye8S+nHUfI51xoXIXjHQ99cQtKUkQqqO1kO/KCJUfZXuB47h/YBlDhah2H3hdUGXn8ie0oA==}
    engines: {node: '>=8.6'}

  pkg-dir@7.0.0:
    resolution: {integrity: sha512-Ie9z/WINcxxLp27BKOCHGde4ITq9UklYKDzVo1nhk5sqGEXU3FpkwP5GM2voTGJkGd9B3Otl+Q4uwSOeSUtOBA==}
    engines: {node: '>=14.16'}

  queue-microtask@1.2.3:
    resolution: {integrity: sha512-NuaNSa6flKT5JaSYQzJok04JzTL1CA6aGhv5rfLW3PgqA+M2ChpZQnAC8h8i4ZFkBS8X5RqkDBHA7r4hej3K9A==}

  read-pkg-up@11.0.0:
    resolution: {integrity: sha512-LOVbvF1Q0SZdjClSefZ0Nz5z8u+tIE7mV5NibzmE9VYmDe9CaBbAVtz1veOSZbofrdsilxuDAYnFenukZVp8/Q==}
    engines: {node: '>=18'}
    deprecated: Renamed to read-package-up

  read-pkg@9.0.1:
    resolution: {integrity: sha512-9viLL4/n1BJUCT1NXVTdS1jtm80yDEgR5T4yCelII49Mbj0v1rZdKqj7zCiYdbB0CuCgdrvHcNogAKTFPBocFA==}
    engines: {node: '>=18'}

  restore-cursor@5.1.0:
    resolution: {integrity: sha512-oMA2dcrw6u0YfxJQXm342bFKX/E4sG9rbTzO9ptUcR/e8A33cHuvStiYOwH7fszkZlZ1z/ta9AAoPk2F4qIOHA==}
    engines: {node: '>=18'}

  reusify@1.1.0:
    resolution: {integrity: sha512-g6QUff04oZpHs0eG5p83rFLhHeV00ug/Yf9nZM6fLeUrPguBTkTQOdpAWWspMh55TZfVQDPaN3NQJfbVRAxdIw==}
    engines: {iojs: '>=1.0.0', node: '>=0.10.0'}

  run-parallel@1.2.0:
    resolution: {integrity: sha512-5l4VyZR86LZ/lDxZTR6jqL8AFE2S0IFLMP26AbjsLVADxHdhB/c0GUsH+y39UfCi3dzz8OlQuPmnaJOMoDHQBA==}

  selderee@0.12.0:
    resolution: {integrity: sha512-b1YMh3+DHZp59DLna3qVwQ5iOla/nrI6mLBNW02XxU77M3046Df6VLkoaJyFz20VsGIG5kkp+FK0kg4K4HnUFw==}

  semver@7.8.0:
    resolution: {integrity: sha512-AcM7dV/5ul4EekoQ29Agm5vri8JNqRyj39o0qpX6vDF2GZrtutZl5RwgD1XnZjiTAfncsJhMI48QQH3sN87YNA==}
    engines: {node: '>=10'}
    hasBin: true

  seroval-plugins@1.5.4:
    resolution: {integrity: sha512-S0xQPhUTefAhNvNWFg0c1J8qJArHt5KdtJ/cFAofo06KD1MVSeFWyl4iiu+ApDIuw0WhjpOfCdgConOfAnLgkw==}
    engines: {node: '>=10'}
    peerDependencies:
      seroval: ^1.0

  seroval@1.5.4:
    resolution: {integrity: sha512-46uFvgrXTVxZcUorgSSRZ4y+ieqLLQRMlG4bnCZKW3qI6BZm7Rg4ntMW4p1mILEEBZWrFlcpp0AyIIlM6jD9iw==}
    engines: {node: '>=10'}

  signal-exit@4.1.0:
    resolution: {integrity: sha512-bzyZ1e88w9O1iNJbKnOlvYTrWPDl46O1bG0D3XInv+9tkPrxrN8jUUTiFlDkkmKWgn1M6CfIA13SuGqOa9Korw==}
    engines: {node: '>=14'}

  solid-js@1.9.13:
    resolution: {integrity: sha512-6hJeJMOcEX8ktqjpDoJZEmld3ijvcvWBDtiXBm7f4332SiFN66QeAQI1REQshvyUoISsSeJ4PHDauKYbwao9JQ==}

  spdx-correct@3.2.0:
    resolution: {integrity: sha512-kN9dJbvnySHULIluDHy32WHRUu3Og7B9sbY7tsFLctQkIqnMh3hErYgdMjTYuqmcXX+lK5T1lnUt3G7zNswmZA==}

  spdx-exceptions@2.5.0:
    resolution: {integrity: sha512-PiU42r+xO4UbUS1buo3LPJkjlO7430Xn5SVAhdpzzsPHsjbYVflnnFdATgabnLude+Cqu25p6N+g2lw/PFsa4w==}

  spdx-expression-parse@3.0.1:
    resolution: {integrity: sha512-cbqHunsQWnJNE6KhVSMsMeH5H/L9EpymbzqTQ3uLwNCLZ1Q481oWaofqH7nO6V07xlXwY6PhQdQ2IedWx/ZK4Q==}

  spdx-license-ids@3.0.23:
    resolution: {integrity: sha512-CWLcCCH7VLu13TgOH+r8p1O/Znwhqv/dbb6lqWy67G+pT1kHmeD/+V36AVb/vq8QMIQwVShJ6Ssl5FPh0fuSdw==}

  stdin-discarder@0.3.2:
    resolution: {integrity: sha512-eCPu1qRxPVkl5605OTWF8Wz40b4Mf45NY5LQmVPQ599knfs5QhASUm9GbJ5BDMDOXgrnh0wyEdvzmL//YMlw0A==}
    engines: {node: '>=18'}

  string-width@7.2.0:
    resolution: {integrity: sha512-tsaTIkKW9b4N+AEj+SVA+WhJzV7/zMhcSu78mLKWSk7cXMOSHsBKFWUs0fWwq8QyK3MgJBQRX6Gbi4kYbdvGkQ==}
    engines: {node: '>=18'}

  string-width@8.2.1:
    resolution: {integrity: sha512-IIaP0g3iy9Cyy18w3M9YcaDudujEAVHKt3a3QJg1+sr/oX96TbaGUubG0hJyCjCBThFH+tFpcIyoUHUn1ogaLA==}
    engines: {node: '>=20'}

  strip-ansi@7.2.0:
    resolution: {integrity: sha512-yDPMNjp4WyfYBkHnjIRLfca1i6KMyGCtsVgoKe/z1+6vukgaENdgGBZt+ZmKPc4gavvEZ5OgHfHdrazhgNyG7w==}
    engines: {node: '>=12'}

  tar@7.5.14:
    resolution: {integrity: sha512-/7sHKgQO3JLP9ESlwTYUUftHUadOURUqq23xs1vjcnp8Vss6k0wCfzulyEtk5g91pjvnuriimGlyG7k6msrzRw==}
    engines: {node: '>=18'}

  tiny-invariant@1.3.3:
    resolution: {integrity: sha512-+FbBPE1o9QAYvviau/qC5SE3caw21q3xkvWKBtja5vgqOWIHHJ3ioaq1VPfn/Szqctz2bU/oYeKd9/z5BL+PVg==}

  tmp@0.2.5:
    resolution: {integrity: sha512-voyz6MApa1rQGUxT3E+BK7/ROe8itEx7vD8/HEvt4xwXucvQ5G5oeEiHkmHZJuBO21RpOf+YYm9MOivj709jow==}
    engines: {node: '>=14.14'}

  to-regex-range@5.0.1:
    resolution: {integrity: sha512-65P7iz6X5yEr1cwcgvQxbbIw7Uk3gOy5dIdtZ4rDveLqhrdJP+Li/Hx6tyK0NEb+2GCyneCMJiGqrADCSNk8sQ==}
    engines: {node: '>=8.0'}

  type-fest@4.41.0:
    resolution: {integrity: sha512-TeTSQ6H5YHvpqVwBRcnLDCBnDOHWYu7IvGbHT6N8AOymcr9PJGjc1GTtiWZTYg0NCgYwvnYWEkVChQAr9bjfwA==}
    engines: {node: '>=16'}

  typescript@6.0.3:
    resolution: {integrity: sha512-y2TvuxSZPDyQakkFRPZHKFm+KKVqIisdg9/CZwm9ftvKXLP8NRWj38/ODjNbr43SsoXqNuAisEf1GdCxqWcdBw==}
    engines: {node: '>=14.17'}
    hasBin: true

  unicorn-magic@0.1.0:
    resolution: {integrity: sha512-lRfVq8fE8gz6QMBuDM6a+LO3IAzTi05H6gCVaUpir2E1Rwpo4ZUog45KpNXKC/Mn3Yb9UDuHumeFTo9iV/D9FQ==}
    engines: {node: '>=18'}

  universalify@2.0.1:
    resolution: {integrity: sha512-gptHNQghINnc/vTGIk0SOFGFNXw7JVrlRUtConJRlvaw6DuX0wO5Jeko9sWrMBhh+PsYAZ7oXAiOnf/UKogyiw==}
    engines: {node: '>= 10.0.0'}

  uuid@13.0.0:
    resolution: {integrity: sha512-XQegIaBTVUjSHliKqcnFqYypAd4S+WCYt5NIeRs6w/UAry7z8Y9j5ZwRRL4kzq9U3sD6v+85er9FvkEaBpji2w==}
    hasBin: true

  validate-npm-package-license@3.0.4:
    resolution: {integrity: sha512-DpKm2Ui/xN7/HQKCtpZxoRWBhZ9Z0kqtygG8XCgNQ8ZlDnxuQmWhj566j8fN4Cu3/JmbhsDo7fcAJq4s9h27Ew==}

  wasm-pack@0.15.0:
    resolution: {integrity: sha512-DdqtGWc3+iFx+7lL7QU5LBWs7qMnwQSWxF0htSfE15sNa3roVwHjAkTm2JXgueU2GGfSwNqbq2EzyC2b/biKDA==}
    engines: {node: '>=16'}
    hasBin: true

  wrap-ansi@9.0.2:
    resolution: {integrity: sha512-42AtmgqjV+X1VpdOfyTGOYRi0/zsoLqtXQckTmqTeybT+BDIbM/Guxo7x3pE2vtpr1ok6xRqM9OpBe+Jyoqyww==}
    engines: {node: '>=18'}

  y18n@5.0.8:
    resolution: {integrity: sha512-0pfFzegeDWJHJIAmTLRP2DwHjdF5s7jo9tuztdQxAhINCdvS+3nGINqPd00AphqJR/0LhANUS6/+7SCb98YOfA==}
    engines: {node: '>=10'}

  yallist@5.0.0:
    resolution: {integrity: sha512-YgvUTfwqyc7UXVMrB+SImsVYSmTS8X/tSrtdNZMImM+n7+QTriRXyXim0mBrTXNeqzVF0KWGgHPeiyViFFrNDw==}
    engines: {node: '>=18'}

  yargs-parser@22.0.0:
    resolution: {integrity: sha512-rwu/ClNdSMpkSrUb+d6BRsSkLUq1fmfsY6TOpYzTwvwkg1/NRG85KBy3kq++A8LKQwX6lsu+aWad+2khvuXrqw==}
    engines: {node: ^20.19.0 || ^22.12.0 || >=23}

  yargs@18.0.0:
    resolution: {integrity: sha512-4UEqdc2RYGHZc7Doyqkrqiln3p9X2DZVxaGbwhn2pi7MrRagKaOcIKe8L3OxYcbhXLgLFUS3zAYuQjKBQgmuNg==}
    engines: {node: ^20.19.0 || ^22.12.0 || >=23}

  yocto-queue@1.2.2:
    resolution: {integrity: sha512-4LCcse/U2MHZ63HAJVE+v71o7yOdIe4cZ70Wpf8D/IyjDKYQLV5GD46B+hSTjJsvV5PztjvHoU580EftxjDZFQ==}
    engines: {node: '>=12.20'}

  yoctocolors@2.1.2:
    resolution: {integrity: sha512-CzhO+pFNo8ajLM2d2IW/R93ipy99LWjtwblvC1RsoSUMZgyLbYFr221TnSNT7GjGdYui6P459mw9JH/g/zW2ug==}
    engines: {node: '>=18'}

snapshots:

  '@babel/code-frame@7.29.0':
    dependencies:
      '@babel/helper-validator-identifier': 7.28.5
      js-tokens: 4.0.0
      picocolors: 1.1.1

  '@babel/helper-validator-identifier@7.28.5': {}

  '@isaacs/fs-minipass@4.0.1':
    dependencies:
      minipass: 7.1.3

  '@nodelib/fs.scandir@2.1.5':
    dependencies:
      '@nodelib/fs.stat': 2.0.5
      run-parallel: 1.2.0

  '@nodelib/fs.stat@2.0.5': {}

  '@nodelib/fs.walk@1.2.8':
    dependencies:
      '@nodelib/fs.scandir': 2.1.5
      fastq: 1.20.1

  '@selderee/plugin-htmlparser2@0.12.0(selderee@0.12.0)':
    dependencies:
      domelementtype: 2.3.0
      domhandler: 5.0.3
      selderee: 0.12.0

  '@types/normalize-package-data@2.4.4': {}

  '@types/uuid@10.0.0': {}

  ansi-regex@6.2.2: {}

  ansi-styles@6.2.3: {}

  argparse@2.0.1: {}

  braces@3.0.3:
    dependencies:
      fill-range: 7.1.1

  chalk@5.6.2: {}

  chownr@3.0.0: {}

  cli-cursor@5.0.0:
    dependencies:
      restore-cursor: 5.1.0

  cli-spinners@3.4.0: {}

  cliui@9.0.1:
    dependencies:
      string-width: 7.2.0
      strip-ansi: 7.2.0
      wrap-ansi: 9.0.2

  common-path-prefix@3.0.0: {}

  csstype@3.2.3: {}

  deepmerge-ts@7.1.5: {}

  dom-serializer@2.0.0:
    dependencies:
      domelementtype: 2.3.0
      domhandler: 5.0.3
      entities: 4.5.0

  domelementtype@2.3.0: {}

  domhandler@5.0.3:
    dependencies:
      domelementtype: 2.3.0

  domutils@3.2.2:
    dependencies:
      dom-serializer: 2.0.0
      domelementtype: 2.3.0
      domhandler: 5.0.3

  emoji-regex@10.6.0: {}

  entities@4.5.0: {}

  entities@7.0.1: {}

  escalade@3.2.0: {}

  fast-glob@3.3.3:
    dependencies:
      '@nodelib/fs.stat': 2.0.5
      '@nodelib/fs.walk': 1.2.8
      glob-parent: 5.1.2
      merge2: 1.4.1
      micromatch: 4.0.8

  fast-json-stable-stringify@2.1.0: {}

  fastq@1.20.1:
    dependencies:
      reusify: 1.1.0

  fill-range@7.1.1:
    dependencies:
      to-regex-range: 5.0.1

  find-cache-dir@6.0.0:
    dependencies:
      common-path-prefix: 3.0.0
      pkg-dir: 7.0.0

  find-up-simple@1.0.1: {}

  find-up@6.3.0:
    dependencies:
      locate-path: 7.2.0
      path-exists: 5.0.0

  fs-extra@11.3.5:
    dependencies:
      graceful-fs: 4.2.11
      jsonfile: 6.2.1
      universalify: 2.0.1

  get-caller-file@2.0.5: {}

  get-east-asian-width@1.6.0: {}

  glob-parent@5.1.2:
    dependencies:
      is-glob: 4.0.3

  graceful-fs@4.2.11: {}

  hosted-git-info@7.0.2:
    dependencies:
      lru-cache: 10.4.3

  html-to-text@10.0.0:
    dependencies:
      '@selderee/plugin-htmlparser2': 0.12.0(selderee@0.12.0)
      deepmerge-ts: 7.1.5
      dom-serializer: 2.0.0
      htmlparser2: 10.1.0
      selderee: 0.12.0

  htmlparser2@10.1.0:
    dependencies:
      domelementtype: 2.3.0
      domhandler: 5.0.3
      domutils: 3.2.2
      entities: 7.0.1

  index-to-position@1.2.0: {}

  is-extglob@2.1.1: {}

  is-glob@4.0.3:
    dependencies:
      is-extglob: 2.1.1

  is-interactive@2.0.0: {}

  is-number@7.0.0: {}

  is-unicode-supported@2.1.0: {}

  js-tokens@4.0.0: {}

  js-yaml@4.1.1:
    dependencies:
      argparse: 2.0.1

  jsonc-parser@3.3.1: {}

  jsonfile@6.2.1:
    dependencies:
      universalify: 2.0.1
    optionalDependencies:
      graceful-fs: 4.2.11

  leac@0.7.0: {}

  literate-ts@https://codeload.github.com/ToposInstitute/literate-ts/tar.gz/554274c568500017a61cbd72af57ec54a4f72a25(typescript@6.0.3):
    dependencies:
      chalk: 5.6.2
      fast-glob: 3.3.3
      fast-json-stable-stringify: 2.1.0
      find-cache-dir: 6.0.0
      fs-extra: 11.3.5
      html-to-text: 10.0.0
      js-yaml: 4.1.1
      jsonc-parser: 3.3.1
      lodash: 4.18.1
      lz-string: 1.5.0
      ora: 9.4.0
      read-pkg-up: 11.0.0
      tmp: 0.2.5
      typescript: 6.0.3
      yargs: 18.0.0

  locate-path@7.2.0:
    dependencies:
      p-locate: 6.0.0

  lodash@4.18.1: {}

  log-symbols@7.0.1:
    dependencies:
      is-unicode-supported: 2.1.0
      yoctocolors: 2.1.2

  lru-cache@10.4.3: {}

  lz-string@1.5.0: {}

  merge2@1.4.1: {}

  micromatch@4.0.8:
    dependencies:
      braces: 3.0.3
      picomatch: 2.3.2

  mimic-function@5.0.1: {}

  minipass@7.1.3: {}

  minizlib@3.1.0:
    dependencies:
      minipass: 7.1.3

  normalize-package-data@6.0.2:
    dependencies:
      hosted-git-info: 7.0.2
      semver: 7.8.0
      validate-npm-package-license: 3.0.4

  onetime@7.0.0:
    dependencies:
      mimic-function: 5.0.1

  ora@9.4.0:
    dependencies:
      chalk: 5.6.2
      cli-cursor: 5.0.0
      cli-spinners: 3.4.0
      is-interactive: 2.0.0
      is-unicode-supported: 2.1.0
      log-symbols: 7.0.1
      stdin-discarder: 0.3.2
      string-width: 8.2.1

  p-limit@4.0.0:
    dependencies:
      yocto-queue: 1.2.2

  p-locate@6.0.0:
    dependencies:
      p-limit: 4.0.0

  parse-json@8.3.0:
    dependencies:
      '@babel/code-frame': 7.29.0
      index-to-position: 1.2.0
      type-fest: 4.41.0

  parseley@0.13.1:
    dependencies:
      leac: 0.7.0
      peberminta: 0.10.0

  path-exists@5.0.0: {}

  peberminta@0.10.0: {}

  picocolors@1.1.1: {}

  picomatch@2.3.2: {}

  pkg-dir@7.0.0:
    dependencies:
      find-up: 6.3.0

  queue-microtask@1.2.3: {}

  read-pkg-up@11.0.0:
    dependencies:
      find-up-simple: 1.0.1
      read-pkg: 9.0.1
      type-fest: 4.41.0

  read-pkg@9.0.1:
    dependencies:
      '@types/normalize-package-data': 2.4.4
      normalize-package-data: 6.0.2
      parse-json: 8.3.0
      type-fest: 4.41.0
      unicorn-magic: 0.1.0

  restore-cursor@5.1.0:
    dependencies:
      onetime: 7.0.0
      signal-exit: 4.1.0

  reusify@1.1.0: {}

  run-parallel@1.2.0:
    dependencies:
      queue-microtask: 1.2.3

  selderee@0.12.0:
    dependencies:
      parseley: 0.13.1

  semver@7.8.0: {}

  seroval-plugins@1.5.4(seroval@1.5.4):
    dependencies:
      seroval: 1.5.4

  seroval@1.5.4: {}

  signal-exit@4.1.0: {}

  solid-js@1.9.13:
    dependencies:
      csstype: 3.2.3
      seroval: 1.5.4
      seroval-plugins: 1.5.4(seroval@1.5.4)

  spdx-correct@3.2.0:
    dependencies:
      spdx-expression-parse: 3.0.1
      spdx-license-ids: 3.0.23

  spdx-exceptions@2.5.0: {}

  spdx-expression-parse@3.0.1:
    dependencies:
      spdx-exceptions: 2.5.0
      spdx-license-ids: 3.0.23

  spdx-license-ids@3.0.23: {}

  stdin-discarder@0.3.2: {}

  string-width@7.2.0:
    dependencies:
      emoji-regex: 10.6.0
      get-east-asian-width: 1.6.0
      strip-ansi: 7.2.0

  string-width@8.2.1:
    dependencies:
      get-east-asian-width: 1.6.0
      strip-ansi: 7.2.0

  strip-ansi@7.2.0:
    dependencies:
      ansi-regex: 6.2.2

  tar@7.5.14:
    dependencies:
      '@isaacs/fs-minipass': 4.0.1
      chownr: 3.0.0
      minipass: 7.1.3
      minizlib: 3.1.0
      yallist: 5.0.0

  tiny-invariant@1.3.3: {}

  tmp@0.2.5: {}

  to-regex-range@5.0.1:
    dependencies:
      is-number: 7.0.0

  type-fest@4.41.0: {}

  typescript@6.0.3: {}

  unicorn-magic@0.1.0: {}

  universalify@2.0.1: {}

  uuid@13.0.0: {}

  validate-npm-package-license@3.0.4:
    dependencies:
      spdx-correct: 3.2.0
      spdx-expression-parse: 3.0.1

  wasm-pack@0.15.0:
    dependencies:
      tar: 7.5.14

  wrap-ansi@9.0.2:
    dependencies:
      ansi-styles: 6.2.3
      string-width: 7.2.0
      strip-ansi: 7.2.0

  y18n@5.0.8: {}

  yallist@5.0.0: {}

  yargs-parser@22.0.0: {}

  yargs@18.0.0:
    dependencies:
      cliui: 9.0.1
      escalade: 3.2.0
      get-caller-file: 2.0.5
      string-width: 7.2.0
      y18n: 5.0.8
      yargs-parser: 22.0.0

  yocto-queue@1.2.2: {}

  yoctocolors@2.1.2: {}
