lockfileVersion: '9.0'

settings:
  autoInstallPeers: true
  excludeLinksFromLockfile: false

importers:

  .:
    dependencies:
      catcolab-document-types:
        specifier: link:../document-types/pkg
        version: link:../document-types/pkg
      tiny-invariant:
        specifier: ^1.3.3
        version: 1.3.3
      uuid:
        specifier: ^13.0.0
        version: 13.0.0
    devDependencies:
      '@automerge/automerge':
        specifier: ^3.2.5
        version: 3.2.6
      '@automerge/automerge-repo':
        specifier: ^2.5.5
        version: 2.5.6
      '@automerge/automerge-repo-solid-primitives':
        specifier: ^2.0.0
        version: 2.5.6(@automerge/automerge@3.2.6)(solid-js@1.9.13)
      '@catcolab-dev-tools/literate-typescript':
        specifier: workspace:*
        version: link:../../tools/literate-typescript
      '@types/uuid':
        specifier: ^10.0.0
        version: 10.0.0
      solid-js:
        specifier: ^1.9.10
        version: 1.9.13
      typescript:
        specifier: ^6.0.3
        version: 6.0.3
      wasm-pack:
        specifier: ^0.15.0
        version: 0.15.0

packages:

  '@automerge/automerge-repo-solid-primitives@2.5.6':
    resolution: {integrity: sha512-jwxktGP36AhxpPc9d3qi/k9WS7lIRqjfdWhn6i/Mzc6qe47COHe2QBvdDrDo6FTbFBoRz7+H5fyx3e2tfBIXfA==}
    peerDependencies:
      '@automerge/automerge': ^3.0.0
      solid-js: ^1.9.4

  '@automerge/automerge-repo@2.5.6':
    resolution: {integrity: sha512-ZXM6TOAwm192g3+zIxYvlB+Z3O00NP+psErOwvbSype8fFO+dhc8tB/jPwfZJqmn1ULUz5w7gssKEynwcYFRSA==}

  '@automerge/automerge@3.2.6':
    resolution: {integrity: sha512-9/GXXfYYWNVGpnbRrGQzTNU4fWZ3XaEMeEg0OrpK4pvlQSpkmUBoirEb/4TMK6BwMysZGV5Yeneq3wwc7RNGfg==}

  '@cbor-extract/cbor-extract-darwin-arm64@2.2.2':
    resolution: {integrity: sha512-ZKZ/F8US7JR92J4DMct6cLW/Y66o2K576+zjlEN/MevH70bFIsB10wkZEQPLzl2oNh2SMGy55xpJ9JoBRl5DOA==}
    cpu: [arm64]
    os: [darwin]

  '@cbor-extract/cbor-extract-darwin-x64@2.2.2':
    resolution: {integrity: sha512-32b1mgc+P61Js+KW9VZv/c+xRw5EfmOcPx990JbCBSkYJFY0l25VinvyyWfl+3KjibQmAcYwmyzKF9J4DyKP/Q==}
    cpu: [x64]
    os: [darwin]

  '@cbor-extract/cbor-extract-linux-arm64@2.2.2':
    resolution: {integrity: sha512-wfqgzqCAy/Vn8i6WVIh7qZd0DdBFaWBjPdB6ma+Wihcjv0gHqD/mw3ouVv7kbbUNrab6dKEx/w3xQZEdeXIlzg==}
    cpu: [arm64]
    os: [linux]

  '@cbor-extract/cbor-extract-linux-arm@2.2.2':
    resolution: {integrity: sha512-tNg0za41TpQfkhWjptD+0gSD2fggMiDCSacuIeELyb2xZhr7PrhPe5h66Jc67B/5dmpIhI2QOUtv4SBsricyYQ==}
    cpu: [arm]
    os: [linux]

  '@cbor-extract/cbor-extract-linux-x64@2.2.2':
    resolution: {integrity: sha512-rpiLnVEsqtPJ+mXTdx1rfz4RtUGYIUg2rUAZgd1KjiC1SehYUSkJN7Yh+aVfSjvCGtVP0/bfkQkXpPXKbmSUaA==}
    cpu: [x64]
    os: [linux]

  '@cbor-extract/cbor-extract-win32-x64@2.2.2':
    resolution: {integrity: sha512-dI+9P7cfWxkTQ+oE+7Aa6onEn92PHgfWXZivjNheCRmTBDBf2fx6RyTi0cmgpYLnD1KLZK9ZYrMxaPZ4oiXhGA==}
    cpu: [x64]
    os: [win32]

  '@isaacs/fs-minipass@4.0.1':
    resolution: {integrity: sha512-wgm9Ehl2jpeqP3zw/7mo3kRHFp5MEDhqAdwy1fTGkHAwnkGOVsgpvQhL8B5n1qlb01jV3n/bI0ZfZp5lWA1k4w==}
    engines: {node: '>=18.0.0'}

  '@noble/hashes@1.8.0':
    resolution: {integrity: sha512-jCs9ldd7NwzpgXDIf6P3+NrHh9/sD6CQdxHyjQI+h/6rDNo88ypBxxz45UDuZHz9r3tNz7N/VInSVoVdtXEI4A==}
    engines: {node: ^14.21.3 || >=16}

  '@types/uuid@10.0.0':
    resolution: {integrity: sha512-7gqG38EyHgyP1S+7+xomFtL+ZNHcKv6DwNaCZmJmo1vgMugyF3TCnXVg4t1uk89mLNwnLtnY3TpOpCOyp1/xHQ==}

  base-x@4.0.1:
    resolution: {integrity: sha512-uAZ8x6r6S3aUM9rbHGVOIsR15U/ZSc82b3ymnCPsT45Gk1DDvhDPdIgB5MrhirZWt+5K0EEPQH985kNqZgNPFw==}

  bs58@5.0.0:
    resolution: {integrity: sha512-r+ihvQJvahgYT50JD05dyJNKlmmSlMoOGwn1lCcEzanPglg7TxYjioQUYehQ9mAR/+hOSd2jRc/Z2y5UxBymvQ==}

  bs58check@3.0.1:
    resolution: {integrity: sha512-hjuuJvoWEybo7Hn/0xOrczQKKEKD63WguEjlhLExYs2wUBcebDC1jDNK17eEAD2lYfw82d5ASC1d7K3SWszjaQ==}

  cbor-extract@2.2.2:
    resolution: {integrity: sha512-hlSxxI9XO2yQfe9g6msd3g4xCfDqK5T5P0fRMLuaLHhxn4ViPrm+a+MUfhrvH2W962RGxcBwEGzLQyjbDG1gng==}
    hasBin: true

  cbor-x@1.6.4:
    resolution: {integrity: sha512-UGKHjp6RHC6QuZ2yy5LCKm7MojM4716DwoSaqwQpaH4DvZvbBTGcoDNTiG9Y2lByXZYFEs9WRkS5tLl96IrF1Q==}

  chownr@3.0.0:
    resolution: {integrity: sha512-+IxzY9BZOQd/XuYPRmrvEVjF/nqj5kgT4kEq7VofrDoM1MxoRjEWkrCC3EtLi59TVawxTAn+orJwFQcrqEN1+g==}
    engines: {node: '>=18'}

  csstype@3.2.3:
    resolution: {integrity: sha512-z1HGKcYy2xA8AGQfwrn0PAy+PB7X/GSj3UVJW9qKyn43xWa+gl5nXmU4qqLMRzWVLFC8KusUX8T/0kCiOYpAIQ==}

  debug@4.4.3:
    resolution: {integrity: sha512-RGwwWnwQvkVfavKVt22FGLw+xYSdzARwm0ru6DhTVA3umU5hZc28V3kO4stgYryrTlLpuvgI9GiijltAjNbcqA==}
    engines: {node: '>=6.0'}
    peerDependencies:
      supports-color: '*'
    peerDependenciesMeta:
      supports-color:
        optional: true

  detect-libc@2.1.2:
    resolution: {integrity: sha512-Btj2BOOO83o3WyH59e8MgXsxEQVcarkUOpEYrubB0urwnN10yQ364rsiByU11nZlqWYZm05i/of7io4mzihBtQ==}
    engines: {node: '>=8'}

  eventemitter3@5.0.4:
    resolution: {integrity: sha512-mlsTRyGaPBjPedk6Bvw+aqbsXDtoAyAzm5MO7JgU+yVRyMQ5O8bD4Kcci7BS85f93veegeCPkL8R4GLClnjLFw==}

  fast-sha256@1.3.0:
    resolution: {integrity: sha512-n11RGP/lrWEFI/bWdygLxhI+pVeo1ZYIVwvvPkW7azl/rOy+F3HYRZ2K5zeE9mmkhQppyv9sQFx0JM9UabnpPQ==}

  minipass@7.1.3:
    resolution: {integrity: sha512-tEBHqDnIoM/1rXME1zgka9g6Q2lcoCkxHLuc7ODJ5BxbP5d4c2Z5cGgtXAku59200Cx7diuHTOYfSBD8n6mm8A==}
    engines: {node: '>=16 || 14 >=14.17'}

  minizlib@3.1.0:
    resolution: {integrity: sha512-KZxYo1BUkWD2TVFLr0MQoM8vUUigWD3LlD83a/75BqC+4qE0Hb1Vo5v1FgcfaNXvfXzr+5EhQ6ing/CaBijTlw==}
    engines: {node: '>= 18'}

  ms@2.1.3:
    resolution: {integrity: sha512-6FlzubTLZG3J2a/NVCAleEhjzq5oxgHyaCU9yYXvcLsvoVaHJq/s5xXI6/XXP6tz7R9xAOtHnSO/tXtF3WRTlA==}

  node-gyp-build-optional-packages@5.1.1:
    resolution: {integrity: sha512-+P72GAjVAbTxjjwUmwjVrqrdZROD4nf8KgpBoDxqXXTiYZZt/ud60dE5yvCSr9lRO8e8yv6kgJIC0K0PfZFVQw==}
    hasBin: true

  seroval-plugins@1.5.4:
    resolution: {integrity: sha512-S0xQPhUTefAhNvNWFg0c1J8qJArHt5KdtJ/cFAofo06KD1MVSeFWyl4iiu+ApDIuw0WhjpOfCdgConOfAnLgkw==}
    engines: {node: '>=10'}
    peerDependencies:
      seroval: ^1.0

  seroval@1.5.4:
    resolution: {integrity: sha512-46uFvgrXTVxZcUorgSSRZ4y+ieqLLQRMlG4bnCZKW3qI6BZm7Rg4ntMW4p1mILEEBZWrFlcpp0AyIIlM6jD9iw==}
    engines: {node: '>=10'}

  solid-js@1.9.13:
    resolution: {integrity: sha512-6hJeJMOcEX8ktqjpDoJZEmld3ijvcvWBDtiXBm7f4332SiFN66QeAQI1REQshvyUoISsSeJ4PHDauKYbwao9JQ==}

  tar@7.5.14:
    resolution: {integrity: sha512-/7sHKgQO3JLP9ESlwTYUUftHUadOURUqq23xs1vjcnp8Vss6k0wCfzulyEtk5g91pjvnuriimGlyG7k6msrzRw==}
    engines: {node: '>=18'}

  tiny-invariant@1.3.3:
    resolution: {integrity: sha512-+FbBPE1o9QAYvviau/qC5SE3caw21q3xkvWKBtja5vgqOWIHHJ3ioaq1VPfn/Szqctz2bU/oYeKd9/z5BL+PVg==}

  typescript@6.0.3:
    resolution: {integrity: sha512-y2TvuxSZPDyQakkFRPZHKFm+KKVqIisdg9/CZwm9ftvKXLP8NRWj38/ODjNbr43SsoXqNuAisEf1GdCxqWcdBw==}
    engines: {node: '>=14.17'}
    hasBin: true

  uuid@13.0.0:
    resolution: {integrity: sha512-XQegIaBTVUjSHliKqcnFqYypAd4S+WCYt5NIeRs6w/UAry7z8Y9j5ZwRRL4kzq9U3sD6v+85er9FvkEaBpji2w==}
    hasBin: true

  uuid@9.0.1:
    resolution: {integrity: sha512-b+1eJOlsR9K8HJpow9Ok3fiWOWSIcIzXodvv0rQjVoOVNpWMpxf1wZNpt4y9h10odCNrqnYp1OBzRktckBe3sA==}
    deprecated: uuid@10 and below is no longer supported.  For ESM codebases, update to uuid@latest.  For CommonJS codebases, use uuid@11 (but be aware this version will likely be deprecated in 2028).
    hasBin: true

  wasm-pack@0.15.0:
    resolution: {integrity: sha512-DdqtGWc3+iFx+7lL7QU5LBWs7qMnwQSWxF0htSfE15sNa3roVwHjAkTm2JXgueU2GGfSwNqbq2EzyC2b/biKDA==}
    engines: {node: '>=16'}
    hasBin: true

  xstate@5.32.0:
    resolution: {integrity: sha512-zsk73aWGmxn9z34P0kbiod5JwTvdYRW3+IDxITq8sd9+VWwMyW7BUzpplnYy9mIEXa6V8IMDv7Hy4m0mhT5+2Q==}

  yallist@5.0.0:
    resolution: {integrity: sha512-YgvUTfwqyc7UXVMrB+SImsVYSmTS8X/tSrtdNZMImM+n7+QTriRXyXim0mBrTXNeqzVF0KWGgHPeiyViFFrNDw==}
    engines: {node: '>=18'}

snapshots:

  '@automerge/automerge-repo-solid-primitives@2.5.6(@automerge/automerge@3.2.6)(solid-js@1.9.13)':
    dependencies:
      '@automerge/automerge': 3.2.6
      solid-js: 1.9.13

  '@automerge/automerge-repo@2.5.6':
    dependencies:
      '@automerge/automerge': 3.2.6
      bs58check: 3.0.1
      cbor-x: 1.6.4
      debug: 4.4.3
      eventemitter3: 5.0.4
      fast-sha256: 1.3.0
      uuid: 9.0.1
      xstate: 5.32.0
    transitivePeerDependencies:
      - supports-color

  '@automerge/automerge@3.2.6': {}

  '@cbor-extract/cbor-extract-darwin-arm64@2.2.2':
    optional: true

  '@cbor-extract/cbor-extract-darwin-x64@2.2.2':
    optional: true

  '@cbor-extract/cbor-extract-linux-arm64@2.2.2':
    optional: true

  '@cbor-extract/cbor-extract-linux-arm@2.2.2':
    optional: true

  '@cbor-extract/cbor-extract-linux-x64@2.2.2':
    optional: true

  '@cbor-extract/cbor-extract-win32-x64@2.2.2':
    optional: true

  '@isaacs/fs-minipass@4.0.1':
    dependencies:
      minipass: 7.1.3

  '@noble/hashes@1.8.0': {}

  '@types/uuid@10.0.0': {}

  base-x@4.0.1: {}

  bs58@5.0.0:
    dependencies:
      base-x: 4.0.1

  bs58check@3.0.1:
    dependencies:
      '@noble/hashes': 1.8.0
      bs58: 5.0.0

  cbor-extract@2.2.2:
    dependencies:
      node-gyp-build-optional-packages: 5.1.1
    optionalDependencies:
      '@cbor-extract/cbor-extract-darwin-arm64': 2.2.2
      '@cbor-extract/cbor-extract-darwin-x64': 2.2.2
      '@cbor-extract/cbor-extract-linux-arm': 2.2.2
      '@cbor-extract/cbor-extract-linux-arm64': 2.2.2
      '@cbor-extract/cbor-extract-linux-x64': 2.2.2
      '@cbor-extract/cbor-extract-win32-x64': 2.2.2
    optional: true

  cbor-x@1.6.4:
    optionalDependencies:
      cbor-extract: 2.2.2

  chownr@3.0.0: {}

  csstype@3.2.3: {}

  debug@4.4.3:
    dependencies:
      ms: 2.1.3

  detect-libc@2.1.2:
    optional: true

  eventemitter3@5.0.4: {}

  fast-sha256@1.3.0: {}

  minipass@7.1.3: {}

  minizlib@3.1.0:
    dependencies:
      minipass: 7.1.3

  ms@2.1.3: {}

  node-gyp-build-optional-packages@5.1.1:
    dependencies:
      detect-libc: 2.1.2
    optional: true

  seroval-plugins@1.5.4(seroval@1.5.4):
    dependencies:
      seroval: 1.5.4

  seroval@1.5.4: {}

  solid-js@1.9.13:
    dependencies:
      csstype: 3.2.3
      seroval: 1.5.4
      seroval-plugins: 1.5.4(seroval@1.5.4)

  tar@7.5.14:
    dependencies:
      '@isaacs/fs-minipass': 4.0.1
      chownr: 3.0.0
      minipass: 7.1.3
      minizlib: 3.1.0
      yallist: 5.0.0

  tiny-invariant@1.3.3: {}

  typescript@6.0.3: {}

  uuid@13.0.0: {}

  uuid@9.0.1: {}

  wasm-pack@0.15.0:
    dependencies:
      tar: 7.5.14

  xstate@5.32.0: {}

  yallist@5.0.0: {}
