lockfileVersion: '9.0'

settings:
  autoInstallPeers: true
  excludeLinksFromLockfile: false

patchedDependencies:
  '@automerge/automerge@3.4.1':
    hash: bf818a70a01f74a7d0f6e564a7d6d2855023bf39d9045b93fc8ae6af4608791e
    path: ../../patches/@automerge__automerge@3.4.1.patch

importers:

  .: {}
