# This file is automatically @generated by Cargo.
# It is not intended for manual editing.
version = 4

[[package]]
name = "ansi_term"
version = "0.12.1"
source = "registry+https://github.com/rust-lang/crates.io-index"
checksum = "d52a9bb7ec0cf484c551830a7ce27bd20d67eac647e1befb56b0be4ee39a55d2"
dependencies = [
 "winapi",
]

[[package]]
name = "arrayvec"
version = "0.5.2"
source = "registry+https://github.com/rust-lang/crates.io-index"
checksum = "23b62fc65de8e4e7f52534fb52b0f3ed04746ae267519eef2a83941e8085068b"

[[package]]
name = "bumpalo"
version = "3.19.0"
source = "registry+https://github.com/rust-lang/crates.io-index"
checksum = "46c5e41b57b8bba42a04676d81cb89e9ee8e859a1a66f80a5a72e1cb76b34d43"

[[package]]
name = "fnotation"
version = "0.10.2"
source = "registry+https://github.com/rust-lang/crates.io-index"
checksum = "db95701550ee5c911d678a7b9da12d6fe4b2aa7a856c05ce2a3570d96e53dd39"
dependencies = [
 "ansi_term",
 "bumpalo",
 "indoc",
 "pretty",
 "tattle",
]

[[package]]
name = "indoc"
version = "2.0.6"
source = "registry+https://github.com/rust-lang/crates.io-index"
checksum = "f4c7245a08504955605670dbf141fceab975f15ca21570696aebe9d2e71576bd"

[[package]]
name = "lazy_static"
version = "1.5.0"
source = "registry+https://github.com/rust-lang/crates.io-index"
checksum = "bbd2bcb4c963f2ddae06a2efc7e9f3591312473c50c6685e1f298068316e66fe"

[[package]]
name = "pretty"
version = "0.12.5"
source = "registry+https://github.com/rust-lang/crates.io-index"
checksum = "0d22152487193190344590e4f30e219cf3fe140d9e7a3fdb683d82aa2c5f4156"
dependencies = [
 "arrayvec",
 "typed-arena",
 "unicode-width",
]

[[package]]
name = "tattle"
version = "0.4.3"
source = "registry+https://github.com/rust-lang/crates.io-index"
checksum = "9a248448ce132dc9ffa60c3acde9bf8c8209a39caa520a897b79a1b531cb201e"
dependencies = [
 "ansi_term",
 "lazy_static",
]

[[package]]
name = "typed-arena"
version = "2.0.2"
source = "registry+https://github.com/rust-lang/crates.io-index"
checksum = "6af6ae20167a9ece4bcb41af5b80f8a1f1df981f6391189ce00fd257af04126a"

[[package]]
name = "unicode-width"
version = "0.2.1"
source = "registry+https://github.com/rust-lang/crates.io-index"
checksum = "4a1a07cc7db3810833284e8d372ccdc6da29741639ecc70c9ec107df0fa6154c"

[[package]]
name = "winapi"
version = "0.3.9"
source = "registry+https://github.com/rust-lang/crates.io-index"
checksum = "5c839a674fcd7a98952e593242ea400abe93992746761e38641405d28b00f419"
dependencies = [
 "winapi-i686-pc-windows-gnu",
 "winapi-x86_64-pc-windows-gnu",
]

[[package]]
name = "winapi-i686-pc-windows-gnu"
version = "0.4.0"
source = "registry+https://github.com/rust-lang/crates.io-index"
checksum = "ac3b87c63620426dd9b991e5ce0329eff545bccbbb34f3be09ff6fb6ab51b7b6"

[[package]]
name = "winapi-x86_64-pc-windows-gnu"
version = "0.4.0"
source = "registry+https://github.com/rust-lang/crates.io-index"
checksum = "712e227841d057c1ee1cd2fb22fa7e5a5461ae8e48fa2ca79ec42cfc1931183f"

[[package]]
name = "work_trial_compiler"
version = "0.1.0"
dependencies = [
 "bumpalo",
 "fnotation",
 "tattle",
]
