lockfileVersion: '9.0'

settings:
  autoInstallPeers: true
  excludeLinksFromLockfile: false

importers:

  .:
    dependencies:
      '@viz-js/viz':
        specifier: ^3.15.0
        version: 3.28.0
      catcolab-documents:
        specifier: workspace:*
        version: link:../documents
      catlog-wasm:
        specifier: link:../catlog-wasm/dist/pkg-browser
        version: link:../catlog-wasm/dist/pkg-browser
      tiny-invariant:
        specifier: ^1.3.3
        version: 1.3.3
      vhtml:
        specifier: ^2.2.0
        version: 2.2.0
    devDependencies:
      '@tsconfig/strictest':
        specifier: ^2.0.8
        version: 2.0.8
      '@types/vhtml':
        specifier: ^2.2.9
        version: 2.2.9
      typescript:
        specifier: ^6.0.3
        version: 6.0.3

packages:

  '@tsconfig/strictest@2.0.8':
    resolution: {integrity: sha512-XnQ7vNz5HRN0r88GYf1J9JJjqtZPiHt2woGJOo2dYqyHGGcd6OLGqSlBB6p1j9mpzja6Oe5BoPqWmeDx6X9rLw==}

  '@types/vhtml@2.2.9':
    resolution: {integrity: sha512-maEIRJb+PdK2FWDORl0a0aNUSGlniMl8pN+7WbanLzx1Gry4gLfsT0C9O/6JucPPBHCNrqDSImr2QcsUENLKUg==}

  '@viz-js/viz@3.28.0':
    resolution: {integrity: sha512-nPt+jbGHGgd7lUQLBT79/4lChIzeW44I+hFrscx18AnpNyX9vdRFVNwVbKz9eq+ACeKSm4bFQns17WhCW11eWQ==}

  tiny-invariant@1.3.3:
    resolution: {integrity: sha512-+FbBPE1o9QAYvviau/qC5SE3caw21q3xkvWKBtja5vgqOWIHHJ3ioaq1VPfn/Szqctz2bU/oYeKd9/z5BL+PVg==}

  typescript@6.0.3:
    resolution: {integrity: sha512-y2TvuxSZPDyQakkFRPZHKFm+KKVqIisdg9/CZwm9ftvKXLP8NRWj38/ODjNbr43SsoXqNuAisEf1GdCxqWcdBw==}
    engines: {node: '>=14.17'}
    hasBin: true

  vhtml@2.2.0:
    resolution: {integrity: sha512-TPXrXrxBOslRUVnlVkiAqhoXneiertIg86bdvzionrUYhEuiROvyPZNiiP6GIIJ2Q7oPNVyEtIx8gMAZZE9lCQ==}

snapshots:

  '@tsconfig/strictest@2.0.8': {}

  '@types/vhtml@2.2.9': {}

  '@viz-js/viz@3.28.0': {}

  tiny-invariant@1.3.3: {}

  typescript@6.0.3: {}

  vhtml@2.2.0: {}
