lockfileVersion: '9.0'

settings:
  autoInstallPeers: true
  excludeLinksFromLockfile: false

patchedDependencies:
  '@automerge/automerge@3.5.0':
    hash: 1b451d5888023b0f28b6ef72a15ce4962bed3fbd8d4acabe83fd063e50bd4992
    path: ../../../patches/@automerge__automerge@3.5.0.patch

importers:

  .:
    dependencies:
      '@qubit-rs/client':
        specifier: ^0.4.5
        version: 0.4.5
      typescript:
        specifier: ^6.0.3
        version: 6.0.3

packages:

  '@qubit-rs/client@0.4.5':
    resolution: {integrity: sha512-L7pBAUs1sPWCkuoRq7rdwqXy1+iLOmOVhADxj+QoNY24yu4J1aiTUSlJJllK9rXRxfvkjRNEPSeUE5H+U3ncug==}

  typescript@6.0.3:
    resolution: {integrity: sha512-y2TvuxSZPDyQakkFRPZHKFm+KKVqIisdg9/CZwm9ftvKXLP8NRWj38/ODjNbr43SsoXqNuAisEf1GdCxqWcdBw==}
    engines: {node: '>=14.17'}
    hasBin: true

snapshots:

  '@qubit-rs/client@0.4.5': {}

  typescript@6.0.3: {}
