lockfileVersion: '9.0'

settings:
  autoInstallPeers: true
  excludeLinksFromLockfile: false

patchedDependencies:
  wasm-pack@0.14.0:
    hash: 3c7b8af86d6b541704193ec3130f1444612e1187cf4f53aff0ed0570b58d5e56
    path: ../../../patches/wasm-pack@0.14.0.patch

importers:

  .:
    dependencies:
      '@qubit-rs/client':
        specifier: ^0.4.5
        version: 0.4.5
      typescript:
        specifier: ^6.0.3
        version: 6.0.3

packages:

  '@qubit-rs/client@0.4.5':
    resolution: {integrity: sha512-L7pBAUs1sPWCkuoRq7rdwqXy1+iLOmOVhADxj+QoNY24yu4J1aiTUSlJJllK9rXRxfvkjRNEPSeUE5H+U3ncug==}

  typescript@6.0.3:
    resolution: {integrity: sha512-y2TvuxSZPDyQakkFRPZHKFm+KKVqIisdg9/CZwm9ftvKXLP8NRWj38/ODjNbr43SsoXqNuAisEf1GdCxqWcdBw==}
    engines: {node: '>=14.17'}
    hasBin: true

snapshots:

  '@qubit-rs/client@0.4.5': {}

  typescript@6.0.3: {}
